// !$*UTF8*$!
{
	archiveVersion = 1;
	classes = {
	};
	objectVersion = 56;
	objects = {

/* Begin PBXBuildFile section */
		0A59CF4E2953590B00874490 /* GoogleSignIn in Frameworks */ = {isa = PBXBuildFile; productRef = 0A59CF4D2953590B00874490 /* GoogleSignIn */; };
		0A59CF502953590B00874490 /* GoogleSignInSwift in Frameworks */ = {isa = PBXBuildFile; productRef = 0A59CF4F2953590B00874490 /* GoogleSignInSwift */; };
		0A59CF532953678600874490 /* loginPage.swift in Sources */ = {isa = PBXBuildFile; fileRef = 0A59CF522953678600874490 /* loginPage.swift */; };
		0A59CF57295367A800874490 /* homePage.swift in Sources */ = {isa = PBXBuildFile; fileRef = 0A59CF56295367A800874490 /* homePage.swift */; };
		0A59CF5A295392B800874490 /* userModel.swift in Sources */ = {isa = PBXBuildFile; fileRef = 0A59CF59295392B800874490 /* userModel.swift */; };
		0A59CF5C295393A000874490 /* Network.swift in Sources */ = {isa = PBXBuildFile; fileRef = 0A59CF5B295393A000874490 /* Network.swift */; };
		0A5D5D162953F9EF0021BC78 /* navBar.swift in Sources */ = {isa = PBXBuildFile; fileRef = 0A5D5D152953F9EF0021BC78 /* navBar.swift */; };
		0A5D5D182953FA1B0021BC78 /* tripInfo.swift in Sources */ = {isa = PBXBuildFile; fileRef = 0A5D5D172953FA1B0021BC78 /* tripInfo.swift */; };
		0A5D5D1A2953FA300021BC78 /* clubInfo.swift in Sources */ = {isa = PBXBuildFile; fileRef = 0A5D5D192953FA300021BC78 /* clubInfo.swift */; };
		0A5D5D1C2953FA380021BC78 /* settings.swift in Sources */ = {isa = PBXBuildFile; fileRef = 0A5D5D1B2953FA380021BC78 /* settings.swift */; };
		0AE5C42F29523A9500EE2588 /* SkiClub_0_1App.swift in Sources */ = {isa = PBXBuildFile; fileRef = 0AE5C42E29523A9500EE2588 /* SkiClub_0_1App.swift */; };
		0AE5C43129523A9500EE2588 /* ContentView.swift in Sources */ = {isa = PBXBuildFile; fileRef = 0AE5C43029523A9500EE2588 /* ContentView.swift */; };
		0AE5C43329523A9700EE2588 /* Assets.xcassets in Resources */ = {isa = PBXBuildFile; fileRef = 0AE5C43229523A9700EE2588 /* Assets.xcassets */; };
		0AE5C43629523A9700EE2588 /* Preview Assets.xcassets in Resources */ = {isa = PBXBuildFile; fileRef = 0AE5C43529523A9700EE2588 /* Preview Assets.xcassets */; };
		0AE5C44029523A9700EE2588 /* SkiClub_0_1Tests.swift in Sources */ = {isa = PBXBuildFile; fileRef = 0AE5C43F29523A9700EE2588 /* SkiClub_0_1Tests.swift */; };
		0AE5C44A29523A9700EE2588 /* SkiClub_0_1UITests.swift in Sources */ = {isa = PBXBuildFile; fileRef = 0AE5C44929523A9700EE2588 /* SkiClub_0_1UITests.swift */; };
		0AE5C44C29523A9700EE2588 /* SkiClub_0_1UITestsLaunchTests.swift in Sources */ = {isa = PBXBuildFile; fileRef = 0AE5C44B29523A9700EE2588 /* SkiClub_0_1UITestsLaunchTests.swift */; };
/* End PBXBuildFile section */

/* Begin PBXContainerItemProxy section */
		0AE5C43C29523A9700EE2588 /* PBXContainerItemProxy */ = {
			isa = PBXContainerItemProxy;
			containerPortal = 0AE5C42329523A9500EE2588 /* Project object */;
			proxyType = 1;
			remoteGlobalIDString = 0AE5C42A29523A9500EE2588;
			remoteInfo = SkiClub_0.1;
		};
		0AE5C44629523A9700EE2588 /* PBXContainerItemProxy */ = {
			isa = PBXContainerItemProxy;
			containerPortal = 0AE5C42329523A9500EE2588 /* Project object */;
			proxyType = 1;
			remoteGlobalIDString = 0AE5C42A29523A9500EE2588;
			remoteInfo = SkiClub_0.1;
		};
/* End PBXContainerItemProxy section */

/* Begin PBXFileReference section */
		0A59CF51295359D100874490 /* SkiClub-0-1-Info.plist */ = {isa = PBXFileReference; lastKnownFileType = text.plist; path = "SkiClub-0-1-Info.plist"; sourceTree = SOURCE_ROOT; };
		0A59CF522953678600874490 /* loginPage.swift */ = {isa = PBXFileReference; lastKnownFileType = sourcecode.swift; path = loginPage.swift; sourceTree = "<group>"; };
		0A59CF56295367A800874490 /* homePage.swift */ = {isa = PBXFileReference; lastKnownFileType = sourcecode.swift; path = homePage.swift; sourceTree = "<group>"; };
		0A59CF59295392B800874490 /* userModel.swift */ = {isa = PBXFileReference; lastKnownFileType = sourcecode.swift; path = userModel.swift; sourceTree = "<group>"; };
		0A59CF5B295393A000874490 /* Network.swift */ = {isa = PBXFileReference; lastKnownFileType = sourcecode.swift; path = Network.swift; sourceTree = "<group>"; };
		0A5D5D152953F9EF0021BC78 /* navBar.swift */ = {isa = PBXFileReference; lastKnownFileType = sourcecode.swift; path = navBar.swift; sourceTree = "<group>"; };
		0A5D5D172953FA1B0021BC78 /* tripInfo.swift */ = {isa = PBXFileReference; lastKnownFileType = sourcecode.swift; path = tripInfo.swift; sourceTree = "<group>"; };
		0A5D5D192953FA300021BC78 /* clubInfo.swift */ = {isa = PBXFileReference; lastKnownFileType = sourcecode.swift; path = clubInfo.swift; sourceTree = "<group>"; };
		0A5D5D1B2953FA380021BC78 /* settings.swift */ = {isa = PBXFileReference; lastKnownFileType = sourcecode.swift; path = settings.swift; sourceTree = "<group>"; };
		0AE5C42B29523A9500EE2588 /* SkiClub_0.1.app */ = {isa = PBXFileReference; explicitFileType = wrapper.application; includeInIndex = 0; path = SkiClub_0.1.app; sourceTree = BUILT_PRODUCTS_DIR; };
		0AE5C42E29523A9500EE2588 /* SkiClub_0_1App.swift */ = {isa = PBXFileReference; lastKnownFileType = sourcecode.swift; path = SkiClub_0_1App.swift; sourceTree = "<group>"; };
		0AE5C43029523A9500EE2588 /* ContentView.swift */ = {isa = PBXFileReference; lastKnownFileType = sourcecode.swift; path = ContentView.swift; sourceTree = "<group>"; };
		0AE5C43229523A9700EE2588 /* Assets.xcassets */ = {isa = PBXFileReference; lastKnownFileType = folder.assetcatalog; path = Assets.xcassets; sourceTree = "<group>"; };
		0AE5C43529523A9700EE2588 /* Preview Assets.xcassets */ = {isa = PBXFileReference; lastKnownFileType = folder.assetcatalog; path = "Preview Assets.xcassets"; sourceTree = "<group>"; };
		0AE5C43B29523A9700EE2588 /* SkiClub_0.1Tests.xctest */ = {isa = PBXFileReference; explicitFileType = wrapper.cfbundle; includeInIndex = 0; path = SkiClub_0.1Tests.xctest; sourceTree = BUILT_PRODUCTS_DIR; };
		0AE5C43F29523A9700EE2588 /* SkiClub_0_1Tests.swift */ = {isa = PBXFileReference; lastKnownFileType = sourcecode.swift; path = SkiClub_0_1Tests.swift; sourceTree = "<group>"; };
		0AE5C44529523A9700EE2588 /* SkiClub_0.1UITests.xctest */ = {isa = PBXFileReference; explicitFileType = wrapper.cfbundle; includeInIndex = 0; path = SkiClub_0.1UITests.xctest; sourceTree = BUILT_PRODUCTS_DIR; };
		0AE5C44929523A9700EE2588 /* SkiClub_0_1UITests.swift */ = {isa = PBXFileReference; lastKnownFileType = sourcecode.swift; path = SkiClub_0_1UITests.swift; sourceTree = "<group>"; };
		0AE5C44B29523A9700EE2588 /* SkiClub_0_1UITestsLaunchTests.swift */ = {isa = PBXFileReference; lastKnownFileType = sourcecode.swift; path = SkiClub_0_1UITestsLaunchTests.swift; sourceTree = "<group>"; };
/* End PBXFileReference section */

/* Begin PBXFrameworksBuildPhase section */
		0AE5C42829523A9500EE2588 /* Frameworks */ = {
			isa = PBXFrameworksBuildPhase;
			buildActionMask = 2147483647;
			files = (
				0A59CF4E2953590B00874490 /* GoogleSignIn in Frameworks */,
				0A59CF502953590B00874490 /* GoogleSignInSwift in Frameworks */,
			);
			runOnlyForDeploymentPostprocessing = 0;
		};
		0AE5C43829523A9700EE2588 /* Frameworks */ = {
			isa = PBXFrameworksBuildPhase;
			buildActionMask = 2147483647;
			files = (
			);
			runOnlyForDeploymentPostprocessing = 0;
		};
		0AE5C44229523A9700EE2588 /* Frameworks */ = {
			isa = PBXFrameworksBuildPhase;
			buildActionMask = 2147483647;
			files = (
			);
			runOnlyForDeploymentPostprocessing = 0;
		};
/* End PBXFrameworksBuildPhase section */

/* Begin PBXGroup section */
		0A59CF5829538B5900874490 /* Sign in */ = {
			isa = PBXGroup;
			children = (
			);
			path = "Sign in";
			sourceTree = "<group>";
		};
		0AE5C42229523A9500EE2588 = {
			isa = PBXGroup;
			children = (
				0AE5C42D29523A9500EE2588 /* SkiClub_0.1 */,
				0AE5C43E29523A9700EE2588 /* SkiClub_0.1Tests */,
				0AE5C44829523A9700EE2588 /* SkiClub_0.1UITests */,
				0AE5C42C29523A9500EE2588 /* Products */,
			);
			sourceTree = "<group>";
		};
		0AE5C42C29523A9500EE2588 /* Products */ = {
			isa = PBXGroup;
			children = (
				0AE5C42B29523A9500EE2588 /* SkiClub_0.1.app */,
				0AE5C43B29523A9700EE2588 /* SkiClub_0.1Tests.xctest */,
				0AE5C44529523A9700EE2588 /* SkiClub_0.1UITests.xctest */,
			);
			name = Products;
			sourceTree = "<group>";
		};
		0AE5C42D29523A9500EE2588 /* SkiClub_0.1 */ = {
			isa = PBXGroup;
			children = (
				0A59CF5829538B5900874490 /* Sign in */,
				0AE5C42E29523A9500EE2588 /* SkiClub_0_1App.swift */,
				0A59CF522953678600874490 /* loginPage.swift */,
				0A59CF56295367A800874490 /* homePage.swift */,
				0A5D5D152953F9EF0021BC78 /* navBar.swift */,
				0A5D5D1B2953FA380021BC78 /* settings.swift */,
				0A5D5D192953FA300021BC78 /* clubInfo.swift */,
				0A5D5D172953FA1B0021BC78 /* tripInfo.swift */,
				0AE5C43029523A9500EE2588 /* ContentView.swift */,
				0A59CF59295392B800874490 /* userModel.swift */,
				0A59CF5B295393A000874490 /* Network.swift */,
				0A59CF51295359D100874490 /* SkiClub-0-1-Info.plist */,
				0AE5C43229523A9700EE2588 /* Assets.xcassets */,
				0AE5C43429523A9700EE2588 /* Preview Content */,
			);
			path = SkiClub_0.1;
			sourceTree = "<group>";
		};
		0AE5C43429523A9700EE2588 /* Preview Content */ = {
			isa = PBXGroup;
			children = (
				0AE5C43529523A9700EE2588 /* Preview Assets.xcassets */,
			);
			path = "Preview Content";
			sourceTree = "<group>";
		};
		0AE5C43E29523A9700EE2588 /* SkiClub_0.1Tests */ = {
			isa = PBXGroup;
			children = (
				0AE5C43F29523A9700EE2588 /* SkiClub_0_1Tests.swift */,
			);
			path = SkiClub_0.1Tests;
			sourceTree = "<group>";
		};
		0AE5C44829523A9700EE2588 /* SkiClub_0.1UITests */ = {
			isa = PBXGroup;
			children = (
				0AE5C44929523A9700EE2588 /* SkiClub_0_1UITests.swift */,
				0AE5C44B29523A9700EE2588 /* SkiClub_0_1UITestsLaunchTests.swift */,
			);
			path = SkiClub_0.1UITests;
			sourceTree = "<group>";
		};
/* End PBXGroup section */

/* Begin PBXNativeTarget section */
		0AE5C42A29523A9500EE2588 /* SkiClub_0.1 */ = {
			isa = PBXNativeTarget;
			buildConfigurationList = 0AE5C44F29523A9700EE2588 /* Build configuration list for PBXNativeTarget "SkiClub_0.1" */;
			buildPhases = (
				0AE5C42729523A9500EE2588 /* Sources */,
				0AE5C42829523A9500EE2588 /* Frameworks */,
				0AE5C42929523A9500EE2588 /* Resources */,
			);
			buildRules = (
			);
			dependencies = (
			);
			name = SkiClub_0.1;
			packageProductDependencies = (
				0A59CF4D2953590B00874490 /* GoogleSignIn */,
				0A59CF4F2953590B00874490 /* GoogleSignInSwift */,
			);
			productName = SkiClub_0.1;
			productReference = 0AE5C42B29523A9500EE2588 /* SkiClub_0.1.app */;
			productType = "com.apple.product-type.application";
		};
		0AE5C43A29523A9700EE2588 /* SkiClub_0.1Tests */ = {
			isa = PBXNativeTarget;
			buildConfigurationList = 0AE5C45229523A9700EE2588 /* Build configuration list for PBXNativeTarget "SkiClub_0.1Tests" */;
			buildPhases = (
				0AE5C43729523A9700EE2588 /* Sources */,
				0AE5C43829523A9700EE2588 /* Frameworks */,
				0AE5C43929523A9700EE2588 /* Resources */,
			);
			buildRules = (
			);
			dependencies = (
				0AE5C43D29523A9700EE2588 /* PBXTargetDependency */,
			);
			name = SkiClub_0.1Tests;
			productName = SkiClub_0.1Tests;
			productReference = 0AE5C43B29523A9700EE2588 /* SkiClub_0.1Tests.xctest */;
			productType = "com.apple.product-type.bundle.unit-test";
		};
		0AE5C44429523A9700EE2588 /* SkiClub_0.1UITests */ = {
			isa = PBXNativeTarget;
			buildConfigurationList = 0AE5C45529523A9700EE2588 /* Build configuration list for PBXNativeTarget "SkiClub_0.1UITests" */;
			buildPhases = (
				0AE5C44129523A9700EE2588 /* Sources */,
				0AE5C44229523A9700EE2588 /* Frameworks */,
				0AE5C44329523A9700EE2588 /* Resources */,
			);
			buildRules = (
			);
			dependencies = (
				0AE5C44729523A9700EE2588 /* PBXTargetDependency */,
			);
			name = SkiClub_0.1UITests;
			productName = SkiClub_0.1UITests;
			productReference = 0AE5C44529523A9700EE2588 /* SkiClub_0.1UITests.xctest */;
			productType = "com.apple.product-type.bundle.ui-testing";
		};
/* End PBXNativeTarget section */

/* Begin PBXProject section */
		0AE5C42329523A9500EE2588 /* Project object */ = {
			isa = PBXProject;
			attributes = {
				BuildIndependentTargetsInParallel = 1;
				LastSwiftUpdateCheck = 1420;
				LastUpgradeCheck = 1420;
				TargetAttributes = {
					0AE5C42A29523A9500EE2588 = {
						CreatedOnToolsVersion = 14.2;
					};
					0AE5C43A29523A9700EE2588 = {
						CreatedOnToolsVersion = 14.2;
						TestTargetID = 0AE5C42A29523A9500EE2588;
					};
					0AE5C44429523A9700EE2588 = {
						CreatedOnToolsVersion = 14.2;
						TestTargetID = 0AE5C42A29523A9500EE2588;
					};
				};
			};
			buildConfigurationList = 0AE5C42629523A9500EE2588 /* Build configuration list for PBXProject "SkiClub_0.1" */;
			compatibilityVersion = "Xcode 14.0";
			developmentRegion = en;
			hasScannedForEncodings = 0;
			knownRegions = (
				en,
				Base,
			);
			mainGroup = 0AE5C42229523A9500EE2588;
			packageReferences = (
				0A59CF4C2953590B00874490 /* XCRemoteSwiftPackageReference "GoogleSignIn-iOS" */,
			);
			productRefGroup = 0AE5C42C29523A9500EE2588 /* Products */;
			projectDirPath = "";
			projectRoot = "";
			targets = (
				0AE5C42A29523A9500EE2588 /* SkiClub_0.1 */,
				0AE5C43A29523A9700EE2588 /* SkiClub_0.1Tests */,
				0AE5C44429523A9700EE2588 /* SkiClub_0.1UITests */,
			);
		};
/* End PBXProject section */

/* Begin PBXResourcesBuildPhase section */
		0AE5C42929523A9500EE2588 /* Resources */ = {
			isa = PBXResourcesBuildPhase;
			buildActionMask = 2147483647;
			files = (
				0AE5C43629523A9700EE2588 /* Preview Assets.xcassets in Resources */,
				0AE5C43329523A9700EE2588 /* Assets.xcassets in Resources */,
			);
			runOnlyForDeploymentPostprocessing = 0;
		};
		0AE5C43929523A9700EE2588 /* Resources */ = {
			isa = PBXResourcesBuildPhase;
			buildActionMask = 2147483647;
			files = (
			);
			runOnlyForDeploymentPostprocessing = 0;
		};
		0AE5C44329523A9700EE2588 /* Resources */ = {
			isa = PBXResourcesBuildPhase;
			buildActionMask = 2147483647;
			files = (
			);
			runOnlyForDeploymentPostprocessing = 0;
		};
/* End PBXResourcesBuildPhase section */

/* Begin PBXSourcesBuildPhase section */
		0AE5C42729523A9500EE2588 /* Sources */ = {
			isa = PBXSourcesBuildPhase;
			buildActionMask = 2147483647;
			files = (
				0AE5C43129523A9500EE2588 /* ContentView.swift in Sources */,
				0AE5C42F29523A9500EE2588 /* SkiClub_0_1App.swift in Sources */,
				0A59CF5C295393A000874490 /* Network.swift in Sources */,
				0A59CF5A295392B800874490 /* userModel.swift in Sources */,
				0A5D5D1C2953FA380021BC78 /* settings.swift in Sources */,
				0A5D5D182953FA1B0021BC78 /* tripInfo.swift in Sources */,
				0A59CF532953678600874490 /* loginPage.swift in Sources */,
				0A5D5D162953F9EF0021BC78 /* navBar.swift in Sources */,
				0A59CF57295367A800874490 /* homePage.swift in Sources */,
				0A5D5D1A2953FA300021BC78 /* clubInfo.swift in Sources */,
			);
			runOnlyForDeploymentPostprocessing = 0;
		};
		0AE5C43729523A9700EE2588 /* Sources */ = {
			isa = PBXSourcesBuildPhase;
			buildActionMask = 2147483647;
			files = (
				0AE5C44029523A9700EE2588 /* SkiClub_0_1Tests.swift in Sources */,
			);
			runOnlyForDeploymentPostprocessing = 0;
		};
		0AE5C44129523A9700EE2588 /* Sources */ = {
			isa = PBXSourcesBuildPhase;
			buildActionMask = 2147483647;
			files = (
				0AE5C44A29523A9700EE2588 /* SkiClub_0_1UITests.swift in Sources */,
				0AE5C44C29523A9700EE2588 /* SkiClub_0_1UITestsLaunchTests.swift in Sources */,
			);
			runOnlyForDeploymentPostprocessing = 0;
		};
/* End PBXSourcesBuildPhase section */

/* Begin PBXTargetDependency section */
		0AE5C43D29523A9700EE2588 /* PBXTargetDependency */ = {
			isa = PBXTargetDependency;
			target = 0AE5C42A29523A9500EE2588 /* SkiClub_0.1 */;
			targetProxy = 0AE5C43C29523A9700EE2588 /* PBXContainerItemProxy */;
		};
		0AE5C44729523A9700EE2588 /* PBXTargetDependency */ = {
			isa = PBXTargetDependency;
			target = 0AE5C42A29523A9500EE2588 /* SkiClub_0.1 */;
			targetProxy = 0AE5C44629523A9700EE2588 /* PBXContainerItemProxy */;
		};
/* End PBXTargetDependency section */

/* Begin XCBuildConfiguration section */
		0AE5C44D29523A9700EE2588 /* Debug */ = {
			isa = XCBuildConfiguration;
			buildSettings = {
				ALWAYS_SEARCH_USER_PATHS = NO;
				CLANG_ANALYZER_NONNULL = YES;
				CLANG_ANALYZER_NUMBER_OBJECT_CONVERSION = YES_AGGRESSIVE;
				CLANG_CXX_LANGUAGE_STANDARD = "gnu++20";
				CLANG_ENABLE_MODULES = YES;
				CLANG_ENABLE_OBJC_ARC = YES;
				CLANG_ENABLE_OBJC_WEAK = YES;
				CLANG_WARN_BLOCK_CAPTURE_AUTORELEASING = YES;
				CLANG_WARN_BOOL_CONVERSION = YES;
				CLANG_WARN_COMMA = YES;
				CLANG_WARN_CONSTANT_CONVERSION = YES;
				CLANG_WARN_DEPRECATED_OBJC_IMPLEMENTATIONS = YES;
				CLANG_WARN_DIRECT_OBJC_ISA_USAGE = YES_ERROR;
				CLANG_WARN_DOCUMENTATION_COMMENTS = YES;
				CLANG_WARN_EMPTY_BODY = YES;
				CLANG_WARN_ENUM_CONVERSION = YES;
				CLANG_WARN_INFINITE_RECURSION = YES;
				CLANG_WARN_INT_CONVERSION = YES;
				CLANG_WARN_NON_LITERAL_NULL_CONVERSION = YES;
				CLANG_WARN_OBJC_IMPLICIT_RETAIN_SELF = YES;
				CLANG_WARN_OBJC_LITERAL_CONVERSION = YES;
				CLANG_WARN_OBJC_ROOT_CLASS = YES_ERROR;
				CLANG_WARN_QUOTED_INCLUDE_IN_FRAMEWORK_HEADER = YES;
				CLANG_WARN_RANGE_LOOP_ANALYSIS = YES;
				CLANG_WARN_STRICT_PROTOTYPES = YES;
				CLANG_WARN_SUSPICIOUS_MOVE = YES;
				CLANG_WARN_UNGUARDED_AVAILABILITY = YES_AGGRESSIVE;
				CLANG_WARN_UNREACHABLE_CODE = YES;
				CLANG_WARN__DUPLICATE_METHOD_MATCH = YES;
				COPY_PHASE_STRIP = NO;
				DEBUG_INFORMATION_FORMAT = dwarf;
				ENABLE_STRICT_OBJC_MSGSEND = YES;
				ENABLE_TESTABILITY = YES;
				GCC_C_LANGUAGE_STANDARD = gnu11;
				GCC_DYNAMIC_NO_PIC = NO;
				GCC_NO_COMMON_BLOCKS = YES;
				GCC_OPTIMIZATION_LEVEL = 0;
				GCC_PREPROCESSOR_DEFINITIONS = (
					"DEBUG=1",
					"$(inherited)",
				);
				GCC_WARN_64_TO_32_BIT_CONVERSION = YES;
				GCC_WARN_ABOUT_RETURN_TYPE = YES_ERROR;
				GCC_WARN_UNDECLARED_SELECTOR = YES;
				GCC_WARN_UNINITIALIZED_AUTOS = YES_AGGRESSIVE;
				GCC_WARN_UNUSED_FUNCTION = YES;
				GCC_WARN_UNUSED_VARIABLE = YES;
				IPHONEOS_DEPLOYMENT_TARGET = 16.2;
				MTL_ENABLE_DEBUG_INFO = INCLUDE_SOURCE;
				MTL_FAST_MATH = YES;
				ONLY_ACTIVE_ARCH = YES;
				SDKROOT = iphoneos;
				SWIFT_ACTIVE_COMPILATION_CONDITIONS = DEBUG;
				SWIFT_OPTIMIZATION_LEVEL = "-Onone";
			};
			name = Debug;
		};
		0AE5C44E29523A9700EE2588 /* Release */ = {
			isa = XCBuildConfiguration;
			buildSettings = {
				ALWAYS_SEARCH_USER_PATHS = NO;
				CLANG_ANALYZER_NONNULL = YES;
				CLANG_ANALYZER_NUMBER_OBJECT_CONVERSION = YES_AGGRESSIVE;
				CLANG_CXX_LANGUAGE_STANDARD = "gnu++20";
				CLANG_ENABLE_MODULES = YES;
				CLANG_ENABLE_OBJC_ARC = YES;
				CLANG_ENABLE_OBJC_WEAK = YES;
				CLANG_WARN_BLOCK_CAPTURE_AUTORELEASING = YES;
				CLANG_WARN_BOOL_CONVERSION = YES;
				CLANG_WARN_COMMA = YES;
				CLANG_WARN_CONSTANT_CONVERSION = YES;
				CLANG_WARN_DEPRECATED_OBJC_IMPLEMENTATIONS = YES;
				CLANG_WARN_DIRECT_OBJC_ISA_USAGE = YES_ERROR;
				CLANG_WARN_DOCUMENTATION_COMMENTS = YES;
				CLANG_WARN_EMPTY_BODY = YES;
				CLANG_WARN_ENUM_CONVERSION = YES;
				CLANG_WARN_INFINITE_RECURSION = YES;
				CLANG_WARN_INT_CONVERSION = YES;
				CLANG_WARN_NON_LITERAL_NULL_CONVERSION = YES;
				CLANG_WARN_OBJC_IMPLICIT_RETAIN_SELF = YES;
				CLANG_WARN_OBJC_LITERAL_CONVERSION = YES;
				CLANG_WARN_OBJC_ROOT_CLASS = YES_ERROR;
				CLANG_WARN_QUOTED_INCLUDE_IN_FRAMEWORK_HEADER = YES;
				CLANG_WARN_RANGE_LOOP_ANALYSIS = YES;
				CLANG_WARN_STRICT_PROTOTYPES = YES;
				CLANG_WARN_SUSPICIOUS_MOVE = YES;
				CLANG_WARN_UNGUARDED_AVAILABILITY = YES_AGGRESSIVE;
				CLANG_WARN_UNREACHABLE_CODE = YES;
				CLANG_WARN__DUPLICATE_METHOD_MATCH = YES;
				COPY_PHASE_STRIP = NO;
				DEBUG_INFORMATION_FORMAT = "dwarf-with-dsym";
				ENABLE_NS_ASSERTIONS = NO;
				ENABLE_STRICT_OBJC_MSGSEND = YES;
				GCC_C_LANGUAGE_STANDARD = gnu11;
				GCC_NO_COMMON_BLOCKS = YES;
				GCC_WARN_64_TO_32_BIT_CONVERSION = YES;
				GCC_WARN_ABOUT_RETURN_TYPE = YES_ERROR;
				GCC_WARN_UNDECLARED_SELECTOR = YES;
				GCC_WARN_UNINITIALIZED_AUTOS = YES_AGGRESSIVE;
				GCC_WARN_UNUSED_FUNCTION = YES;
				GCC_WARN_UNUSED_VARIABLE = YES;
				IPHONEOS_DEPLOYMENT_TARGET = 16.2;
				MTL_ENABLE_DEBUG_INFO = NO;
				MTL_FAST_MATH = YES;
				SDKROOT = iphoneos;
				SWIFT_COMPILATION_MODE = wholemodule;
				SWIFT_OPTIMIZATION_LEVEL = "-O";
				VALIDATE_PRODUCT = YES;
			};
			name = Release;
		};
		0AE5C45029523A9700EE2588 /* Debug */ = {
			isa = XCBuildConfiguration;
			buildSettings = {
				ASSETCATALOG_COMPILER_APPICON_NAME = AppIcon;
				ASSETCATALOG_COMPILER_GLOBAL_ACCENT_COLOR_NAME = AccentColor;
				CODE_SIGN_STYLE = Automatic;
				CURRENT_PROJECT_VERSION = 1;
				DEVELOPMENT_ASSET_PATHS = "\"SkiClub_0.1/Preview Content\"";
				ENABLE_PREVIEWS = YES;
				GENERATE_INFOPLIST_FILE = YES;
				INFOPLIST_FILE = "SkiClub-0-1-Info.plist";
				INFOPLIST_KEY_UIApplicationSceneManifest_Generation = YES;
				INFOPLIST_KEY_UIApplicationSupportsIndirectInputEvents = YES;
				INFOPLIST_KEY_UILaunchScreen_Generation = YES;
				INFOPLIST_KEY_UISupportedInterfaceOrientations_iPad = "UIInterfaceOrientationPortrait UIInterfaceOrientationPortraitUpsideDown UIInterfaceOrientationLandscapeLeft UIInterfaceOrientationLandscapeRight";
				INFOPLIST_KEY_UISupportedInterfaceOrientations_iPhone = "UIInterfaceOrientationPortrait UIInterfaceOrientationLandscapeLeft UIInterfaceOrientationLandscapeRight";
				IPHONEOS_DEPLOYMENT_TARGET = 15.0;
				LD_RUNPATH_SEARCH_PATHS = (
					"$(inherited)",
					"@executable_path/Frameworks",
				);
				MARKETING_VERSION = 1.0;
				PRODUCT_BUNDLE_IDENTIFIER = "Abe.inc.SkiClub-0-1";
				PRODUCT_NAME = "$(TARGET_NAME)";
				SWIFT_EMIT_LOC_STRINGS = YES;
				SWIFT_VERSION = 5.0;
				TARGETED_DEVICE_FAMILY = "1,2";
			};
			name = Debug;
		};
		0AE5C45129523A9700EE2588 /* Release */ = {
			isa = XCBuildConfiguration;
			buildSettings = {
				ASSETCATALOG_COMPILER_APPICON_NAME = AppIcon;
				ASSETCATALOG_COMPILER_GLOBAL_ACCENT_COLOR_NAME = AccentColor;
				CODE_SIGN_STYLE = Automatic;
				CURRENT_PROJECT_VERSION = 1;
				DEVELOPMENT_ASSET_PATHS = "\"SkiClub_0.1/Preview Content\"";
				ENABLE_PREVIEWS = YES;
				GENERATE_INFOPLIST_FILE = YES;
				INFOPLIST_FILE = "SkiClub-0-1-Info.plist";
				INFOPLIST_KEY_UIApplicationSceneManifest_Generation = YES;
				INFOPLIST_KEY_UIApplicationSupportsIndirectInputEvents = YES;
				INFOPLIST_KEY_UILaunchScreen_Generation = YES;
				INFOPLIST_KEY_UISupportedInterfaceOrientations_iPad = "UIInterfaceOrientationPortrait UIInterfaceOrientationPortraitUpsideDown UIInterfaceOrientationLandscapeLeft UIInterfaceOrientationLandscapeRight";
				INFOPLIST_KEY_UISupportedInterfaceOrientations_iPhone = "UIInterfaceOrientationPortrait UIInterfaceOrientationLandscapeLeft UIInterfaceOrientationLandscapeRight";
				IPHONEOS_DEPLOYMENT_TARGET = 15.0;
				LD_RUNPATH_SEARCH_PATHS = (
					"$(inherited)",
					"@executable_path/Frameworks",
				);
				MARKETING_VERSION = 1.0;
				PRODUCT_BUNDLE_IDENTIFIER = "Abe.inc.SkiClub-0-1";
				PRODUCT_NAME = "$(TARGET_NAME)";
				SWIFT_EMIT_LOC_STRINGS = YES;
				SWIFT_VERSION = 5.0;
				TARGETED_DEVICE_FAMILY = "1,2";
			};
			name = Release;
		};
		0AE5C45329523A9700EE2588 /* Debug */ = {
			isa = XCBuildConfiguration;
			buildSettings = {
				ALWAYS_EMBED_SWIFT_STANDARD_LIBRARIES = YES;
				BUNDLE_LOADER = "$(TEST_HOST)";
				CODE_SIGN_STYLE = Automatic;
				CURRENT_PROJECT_VERSION = 1;
				GENERATE_INFOPLIST_FILE = YES;
				IPHONEOS_DEPLOYMENT_TARGET = 16.2;
				MARKETING_VERSION = 1.0;
				PRODUCT_BUNDLE_IDENTIFIER = "Abe.inc.SkiClub-0-1Tests";
				PRODUCT_NAME = "$(TARGET_NAME)";
				SWIFT_EMIT_LOC_STRINGS = NO;
				SWIFT_VERSION = 5.0;
				TARGETED_DEVICE_FAMILY = "1,2";
				TEST_HOST = "$(BUILT_PRODUCTS_DIR)/SkiClub_0.1.app/$(BUNDLE_EXECUTABLE_FOLDER_PATH)/SkiClub_0.1";
			};
			name = Debug;
		};
		0AE5C45429523A9700EE2588 /* Release */ = {
			isa = XCBuildConfiguration;
			buildSettings = {
				ALWAYS_EMBED_SWIFT_STANDARD_LIBRARIES = YES;
				BUNDLE_LOADER = "$(TEST_HOST)";
				CODE_SIGN_STYLE = Automatic;
				CURRENT_PROJECT_VERSION = 1;
				GENERATE_INFOPLIST_FILE = YES;
				IPHONEOS_DEPLOYMENT_TARGET = 16.2;
				MARKETING_VERSION = 1.0;
				PRODUCT_BUNDLE_IDENTIFIER = "Abe.inc.SkiClub-0-1Tests";
				PRODUCT_NAME = "$(TARGET_NAME)";
				SWIFT_EMIT_LOC_STRINGS = NO;
				SWIFT_VERSION = 5.0;
				TARGETED_DEVICE_FAMILY = "1,2";
				TEST_HOST = "$(BUILT_PRODUCTS_DIR)/SkiClub_0.1.app/$(BUNDLE_EXECUTABLE_FOLDER_PATH)/SkiClub_0.1";
			};
			name = Release;
		};
		0AE5C45629523A9700EE2588 /* Debug */ = {
			isa = XCBuildConfiguration;
			buildSettings = {
				ALWAYS_EMBED_SWIFT_STANDARD_LIBRARIES = YES;
				CODE_SIGN_STYLE = Automatic;
				CURRENT_PROJECT_VERSION = 1;
				GENERATE_INFOPLIST_FILE = YES;
				MARKETING_VERSION = 1.0;
				PRODUCT_BUNDLE_IDENTIFIER = "Abe.inc.SkiClub-0-1UITests";
				PRODUCT_NAME = "$(TARGET_NAME)";
				SWIFT_EMIT_LOC_STRINGS = NO;
				SWIFT_VERSION = 5.0;
				TARGETED_DEVICE_FAMILY = "1,2";
				TEST_TARGET_NAME = SkiClub_0.1;
			};
			name = Debug;
		};
		0AE5C45729523A9700EE2588 /* Release */ = {
			isa = XCBuildConfiguration;
			buildSettings = {
				ALWAYS_EMBED_SWIFT_STANDARD_LIBRARIES = YES;
				CODE_SIGN_STYLE = Automatic;
				CURRENT_PROJECT_VERSION = 1;
				GENERATE_INFOPLIST_FILE = YES;
				MARKETING_VERSION = 1.0;
				PRODUCT_BUNDLE_IDENTIFIER = "Abe.inc.SkiClub-0-1UITests";
				PRODUCT_NAME = "$(TARGET_NAME)";
				SWIFT_EMIT_LOC_STRINGS = NO;
				SWIFT_VERSION = 5.0;
				TARGETED_DEVICE_FAMILY = "1,2";
				TEST_TARGET_NAME = SkiClub_0.1;
			};
			name = Release;
		};
/* End XCBuildConfiguration section */

/* Begin XCConfigurationList section */
		0AE5C42629523A9500EE2588 /* Build configuration list for PBXProject "SkiClub_0.1" */ = {
			isa = XCConfigurationList;
			buildConfigurations = (
				0AE5C44D29523A9700EE2588 /* Debug */,
				0AE5C44E29523A9700EE2588 /* Release */,
			);
			defaultConfigurationIsVisible = 0;
			defaultConfigurationName = Release;
		};
		0AE5C44F29523A9700EE2588 /* Build configuration list for PBXNativeTarget "SkiClub_0.1" */ = {
			isa = XCConfigurationList;
			buildConfigurations = (
				0AE5C45029523A9700EE2588 /* Debug */,
				0AE5C45129523A9700EE2588 /* Release */,
			);
			defaultConfigurationIsVisible = 0;
			defaultConfigurationName = Release;
		};
		0AE5C45229523A9700EE2588 /* Build configuration list for PBXNativeTarget "SkiClub_0.1Tests" */ = {
			isa = XCConfigurationList;
			buildConfigurations = (
				0AE5C45329523A9700EE2588 /* Debug */,
				0AE5C45429523A9700EE2588 /* Release */,
			);
			defaultConfigurationIsVisible = 0;
			defaultConfigurationName = Release;
		};
		0AE5C45529523A9700EE2588 /* Build configuration list for PBXNativeTarget "SkiClub_0.1UITests" */ = {
			isa = XCConfigurationList;
			buildConfigurations = (
				0AE5C45629523A9700EE2588 /* Debug */,
				0AE5C45729523A9700EE2588 /* Release */,
			);
			defaultConfigurationIsVisible = 0;
			defaultConfigurationName = Release;
		};
/* End XCConfigurationList section */

/* Begin XCRemoteSwiftPackageReference section */
		0A59CF4C2953590B00874490 /* XCRemoteSwiftPackageReference "GoogleSignIn-iOS" */ = {
			isa = XCRemoteSwiftPackageReference;
			repositoryURL = "https://github.com/google/GoogleSignIn-iOS.git";
			requirement = {
				branch = main;
				kind = branch;
			};
		};
/* End XCRemoteSwiftPackageReference section */

/* Begin XCSwiftPackageProductDependency section */
		0A59CF4D2953590B00874490 /* GoogleSignIn */ = {
			isa = XCSwiftPackageProductDependency;
			package = 0A59CF4C2953590B00874490 /* XCRemoteSwiftPackageReference "GoogleSignIn-iOS" */;
			productName = GoogleSignIn;
		};
		0A59CF4F2953590B00874490 /* GoogleSignInSwift */ = {
			isa = XCSwiftPackageProductDependency;
			package = 0A59CF4C2953590B00874490 /* XCRemoteSwiftPackageReference "GoogleSignIn-iOS" */;
			productName = GoogleSignInSwift;
		};
/* End XCSwiftPackageProductDependency section */
	};
	rootObject = 0AE5C42329523A9500EE2588 /* Project object */;
}
